
Microsoft Visual Studio Solution File, Format Version 12.00
# Visual Studio 15
VisualStudioVersion = 15.0.28307.1062
MinimumVisualStudioVersion = 10.0.40219.1
Project("{9A19103F-16F7-4668-BE54-9A1E7A4F7556}") = "Movies", "Movies\Movies.csproj", "{66C39915-D77F-4A94-B5B7-50A7AA1EF03E}"
EndProject
Project("{9A19103F-16F7-4668-BE54-9A1E7A4F7556}") = "DAL", "DAL\DAL.csproj", "{F8263322-8555-449A-8575-84631DF05547}"
EndProject
Project("{FAE04EC0-301F-11D3-BF4B-00C04F79EFBC}") = "Services", "Services\Services.csproj", "{8BA045D3-47BD-400B-A7B0-6AE69716BC32}"
EndProject
Global
	GlobalSection(SolutionConfigurationPlatforms) = preSolution
		Debug|Any CPU = Debug|Any CPU
		Release|Any CPU = Release|Any CPU
	EndGlobalSection
	GlobalSection(ProjectConfigurationPlatforms) = postSolution
		{66C39915-D77F-4A94-B5B7-50A7AA1EF03E}.Debug|Any CPU.ActiveCfg = Debug|Any CPU
		{66C39915-D77F-4A94-B5B7-50A7AA1EF03E}.Debug|Any CPU.Build.0 = Debug|Any CPU
		{66C39915-D77F-4A94-B5B7-50A7AA1EF03E}.Release|Any CPU.ActiveCfg = Release|Any CPU
		{66C39915-D77F-4A94-B5B7-50A7AA1EF03E}.Release|Any CPU.Build.0 = Release|Any CPU
		{F8263322-8555-449A-8575-84631DF05547}.Debug|Any CPU.ActiveCfg = Debug|Any CPU
		{F8263322-8555-449A-8575-84631DF05547}.Debug|Any CPU.Build.0 = Debug|Any CPU
		{F8263322-8555-449A-8575-84631DF05547}.Release|Any CPU.ActiveCfg = Release|Any CPU
		{F8263322-8555-449A-8575-84631DF05547}.Release|Any CPU.Build.0 = Release|Any CPU
		{8BA045D3-47BD-400B-A7B0-6AE69716BC32}.Debug|Any CPU.ActiveCfg = Debug|Any CPU
		{8BA045D3-47BD-400B-A7B0-6AE69716BC32}.Debug|Any CPU.Build.0 = Debug|Any CPU
		{8BA045D3-47BD-400B-A7B0-6AE69716BC32}.Release|Any CPU.ActiveCfg = Release|Any CPU
		{8BA045D3-47BD-400B-A7B0-6AE69716BC32}.Release|Any CPU.Build.0 = Release|Any CPU
	EndGlobalSection
	GlobalSection(SolutionProperties) = preSolution
		HideSolutionNode = FALSE
	EndGlobalSection
	GlobalSection(ExtensibilityGlobals) = postSolution
		SolutionGuid = {5C0A889E-1354-4503-977F-CFBF868BF4D5}
	EndGlobalSection
EndGlobal
